PODS:
  - Alamofire (5.5.0)
  - SnapKit (5.6.0)

DEPENDENCIES:
  - Alamofire
  - SnapKit (~> 5.6.0)

SPEC REPOS:
  trunk:
    - Alamofire
    - SnapKit

SPEC CHECKSUMS:
  Alamofire: 1c4fb5369c3fe93d2857c780d8bbe09f06f97e7c
  SnapKit: e01d52ebb8ddbc333eefe2132acf85c8227d9c25

PODFILE CHECKSUM: af18b326f267084d96a43f33b11414fa23216bb0

COCOAPODS: 1.11.2
