// !$*UTF8*$!
{
	archiveVersion = 1;
	classes = {
	};
	objectVersion = 55;
	objects = {

/* Begin PBXBuildFile section */
		845D326028D0921E00D5AF1A /* AppDelegate.swift in Sources */ = {isa = PBXBuildFile; fileRef = 845D325F28D0921E00D5AF1A /* AppDelegate.swift */; };
		845D326428D0921E00D5AF1A /* StartViewController.swift in Sources */ = {isa = PBXBuildFile; fileRef = 845D326328D0921E00D5AF1A /* StartViewController.swift */; };
		845D326928D0922300D5AF1A /* Assets.xcassets in Resources */ = {isa = PBXBuildFile; fileRef = 845D326828D0922300D5AF1A /* Assets.xcassets */; };
		845D327728D0DF2D00D5AF1A /* BookListCollectionViewController.swift in Sources */ = {isa = PBXBuildFile; fileRef = 845D327628D0DF2D00D5AF1A /* BookListCollectionViewController.swift */; };
		845D327D28D0E11E00D5AF1A /* BookCollectionViewCell.swift in Sources */ = {isa = PBXBuildFile; fileRef = 845D327C28D0E11E00D5AF1A /* BookCollectionViewCell.swift */; };
		845D327F28D0E13900D5AF1A /* NetworkingManager.swift in Sources */ = {isa = PBXBuildFile; fileRef = 845D327E28D0E13900D5AF1A /* NetworkingManager.swift */; };
		845D328228D0E15800D5AF1A /* BookModel.swift in Sources */ = {isa = PBXBuildFile; fileRef = 845D328128D0E15800D5AF1A /* BookModel.swift */; };
		BB1DE8E4B9FA7628BFD950DB /* Pods_BookList.framework in Frameworks */ = {isa = PBXBuildFile; fileRef = CF458A111DDCBC01F9FF873D /* Pods_BookList.framework */; };
/* End PBXBuildFile section */

/* Begin PBXFileReference section */
		424028D7948955BF22742755 /* Pods-BookList.debug.xcconfig */ = {isa = PBXFileReference; includeInIndex = 1; lastKnownFileType = text.xcconfig; name = "Pods-BookList.debug.xcconfig"; path = "Target Support Files/Pods-BookList/Pods-BookList.debug.xcconfig"; sourceTree = "<group>"; };
		845D325C28D0921E00D5AF1A /* BookList.app */ = {isa = PBXFileReference; explicitFileType = wrapper.application; includeInIndex = 0; path = BookList.app; sourceTree = BUILT_PRODUCTS_DIR; };
		845D325F28D0921E00D5AF1A /* AppDelegate.swift */ = {isa = PBXFileReference; lastKnownFileType = sourcecode.swift; path = AppDelegate.swift; sourceTree = "<group>"; };
		845D326328D0921E00D5AF1A /* StartViewController.swift */ = {isa = PBXFileReference; lastKnownFileType = sourcecode.swift; path = StartViewController.swift; sourceTree = "<group>"; };
		845D326828D0922300D5AF1A /* Assets.xcassets */ = {isa = PBXFileReference; lastKnownFileType = folder.assetcatalog; path = Assets.xcassets; sourceTree = "<group>"; };
		845D326D28D0922300D5AF1A /* Info.plist */ = {isa = PBXFileReference; lastKnownFileType = text.plist.xml; path = Info.plist; sourceTree = "<group>"; };
		845D327628D0DF2D00D5AF1A /* BookListCollectionViewController.swift */ = {isa = PBXFileReference; lastKnownFileType = sourcecode.swift; path = BookListCollectionViewController.swift; sourceTree = "<group>"; };
		845D327C28D0E11E00D5AF1A /* BookCollectionViewCell.swift */ = {isa = PBXFileReference; lastKnownFileType = sourcecode.swift; path = BookCollectionViewCell.swift; sourceTree = "<group>"; };
		845D327E28D0E13900D5AF1A /* NetworkingManager.swift */ = {isa = PBXFileReference; lastKnownFileType = sourcecode.swift; path = NetworkingManager.swift; sourceTree = "<group>"; };
		845D328128D0E15800D5AF1A /* BookModel.swift */ = {isa = PBXFileReference; lastKnownFileType = sourcecode.swift; path = BookModel.swift; sourceTree = "<group>"; };
		C4181C8EB8A27B7CDAD79743 /* Pods-BookList.release.xcconfig */ = {isa = PBXFileReference; includeInIndex = 1; lastKnownFileType = text.xcconfig; name = "Pods-BookList.release.xcconfig"; path = "Target Support Files/Pods-BookList/Pods-BookList.release.xcconfig"; sourceTree = "<group>"; };
		CF458A111DDCBC01F9FF873D /* Pods_BookList.framework */ = {isa = PBXFileReference; explicitFileType = wrapper.framework; includeInIndex = 0; path = Pods_BookList.framework; sourceTree = BUILT_PRODUCTS_DIR; };
/* End PBXFileReference section */

/* Begin PBXFrameworksBuildPhase section */
		845D325928D0921E00D5AF1A /* Frameworks */ = {
			isa = PBXFrameworksBuildPhase;
			buildActionMask = 2147483647;
			files = (
				BB1DE8E4B9FA7628BFD950DB /* Pods_BookList.framework in Frameworks */,
			);
			runOnlyForDeploymentPostprocessing = 0;
		};
/* End PBXFrameworksBuildPhase section */

/* Begin PBXGroup section */
		46395107636A95334D29B882 /* Frameworks */ = {
			isa = PBXGroup;
			children = (
				CF458A111DDCBC01F9FF873D /* Pods_BookList.framework */,
			);
			name = Frameworks;
			sourceTree = "<group>";
		};
		845D325328D0921E00D5AF1A = {
			isa = PBXGroup;
			children = (
				845D325E28D0921E00D5AF1A /* BookList */,
				845D325D28D0921E00D5AF1A /* Products */,
				EC84F94B55C0DC6B519C0727 /* Pods */,
				46395107636A95334D29B882 /* Frameworks */,
			);
			sourceTree = "<group>";
		};
		845D325D28D0921E00D5AF1A /* Products */ = {
			isa = PBXGroup;
			children = (
				845D325C28D0921E00D5AF1A /* BookList.app */,
			);
			name = Products;
			sourceTree = "<group>";
		};
		845D325E28D0921E00D5AF1A /* BookList */ = {
			isa = PBXGroup;
			children = (
				845D327528D0D2B700D5AF1A /* SupportFiles */,
				845D328028D0E14000D5AF1A /* Model */,
				845D327828D0DFDC00D5AF1A /* ViewControllers */,
				845D327B28D0E0EE00D5AF1A /* Services */,
				845D327928D0E04000D5AF1A /* Resources */,
			);
			path = BookList;
			sourceTree = "<group>";
		};
		845D327528D0D2B700D5AF1A /* SupportFiles */ = {
			isa = PBXGroup;
			children = (
				845D325F28D0921E00D5AF1A /* AppDelegate.swift */,
				845D326D28D0922300D5AF1A /* Info.plist */,
			);
			path = SupportFiles;
			sourceTree = "<group>";
		};
		845D327828D0DFDC00D5AF1A /* ViewControllers */ = {
			isa = PBXGroup;
			children = (
				845D326328D0921E00D5AF1A /* StartViewController.swift */,
				845D327628D0DF2D00D5AF1A /* BookListCollectionViewController.swift */,
				845D327C28D0E11E00D5AF1A /* BookCollectionViewCell.swift */,
			);
			path = ViewControllers;
			sourceTree = "<group>";
		};
		845D327928D0E04000D5AF1A /* Resources */ = {
			isa = PBXGroup;
			children = (
				845D326828D0922300D5AF1A /* Assets.xcassets */,
			);
			path = Resources;
			sourceTree = "<group>";
		};
		845D327B28D0E0EE00D5AF1A /* Services */ = {
			isa = PBXGroup;
			children = (
				845D327E28D0E13900D5AF1A /* NetworkingManager.swift */,
			);
			path = Services;
			sourceTree = "<group>";
		};
		845D328028D0E14000D5AF1A /* Model */ = {
			isa = PBXGroup;
			children = (
				845D328128D0E15800D5AF1A /* BookModel.swift */,
			);
			path = Model;
			sourceTree = "<group>";
		};
		EC84F94B55C0DC6B519C0727 /* Pods */ = {
			isa = PBXGroup;
			children = (
				424028D7948955BF22742755 /* Pods-BookList.debug.xcconfig */,
				C4181C8EB8A27B7CDAD79743 /* Pods-BookList.release.xcconfig */,
			);
			name = Pods;
			path = Pods;
			sourceTree = "<group>";
		};
/* End PBXGroup section */

/* Begin PBXNativeTarget section */
		845D325B28D0921E00D5AF1A /* BookList */ = {
			isa = PBXNativeTarget;
			buildConfigurationList = 845D327028D0922300D5AF1A /* Build configuration list for PBXNativeTarget "BookList" */;
			buildPhases = (
				0BD444F2B6C979A80201F66B /* [CP] Check Pods Manifest.lock */,
				845D325828D0921E00D5AF1A /* Sources */,
				845D325928D0921E00D5AF1A /* Frameworks */,
				845D325A28D0921E00D5AF1A /* Resources */,
				E65968DD9187D4AE3B8FF44C /* [CP] Embed Pods Frameworks */,
			);
			buildRules = (
			);
			dependencies = (
			);
			name = BookList;
			productName = BookList;
			productReference = 845D325C28D0921E00D5AF1A /* BookList.app */;
			productType = "com.apple.product-type.application";
		};
/* End PBXNativeTarget section */

/* Begin PBXProject section */
		845D325428D0921E00D5AF1A /* Project object */ = {
			isa = PBXProject;
			attributes = {
				BuildIndependentTargetsInParallel = 1;
				LastSwiftUpdateCheck = 1340;
				LastUpgradeCheck = 1340;
				TargetAttributes = {
					845D325B28D0921E00D5AF1A = {
						CreatedOnToolsVersion = 13.4.1;
					};
				};
			};
			buildConfigurationList = 845D325728D0921E00D5AF1A /* Build configuration list for PBXProject "BookList" */;
			compatibilityVersion = "Xcode 13.0";
			developmentRegion = en;
			hasScannedForEncodings = 0;
			knownRegions = (
				en,
				Base,
			);
			mainGroup = 845D325328D0921E00D5AF1A;
			productRefGroup = 845D325D28D0921E00D5AF1A /* Products */;
			projectDirPath = "";
			projectRoot = "";
			targets = (
				845D325B28D0921E00D5AF1A /* BookList */,
			);
		};
/* End PBXProject section */

/* Begin PBXResourcesBuildPhase section */
		845D325A28D0921E00D5AF1A /* Resources */ = {
			isa = PBXResourcesBuildPhase;
			buildActionMask = 2147483647;
			files = (
				845D326928D0922300D5AF1A /* Assets.xcassets in Resources */,
			);
			runOnlyForDeploymentPostprocessing = 0;
		};
/* End PBXResourcesBuildPhase section */

/* Begin PBXShellScriptBuildPhase section */
		0BD444F2B6C979A80201F66B /* [CP] Check Pods Manifest.lock */ = {
			isa = PBXShellScriptBuildPhase;
			buildActionMask = 2147483647;
			files = (
			);
			inputFileListPaths = (
			);
			inputPaths = (
				"${PODS_PODFILE_DIR_PATH}/Podfile.lock",
				"${PODS_ROOT}/Manifest.lock",
			);
			name = "[CP] Check Pods Manifest.lock";
			outputFileListPaths = (
			);
			outputPaths = (
				"$(DERIVED_FILE_DIR)/Pods-BookList-checkManifestLockResult.txt",
			);
			runOnlyForDeploymentPostprocessing = 0;
			shellPath = /bin/sh;
			shellScript = "diff \"${PODS_PODFILE_DIR_PATH}/Podfile.lock\" \"${PODS_ROOT}/Manifest.lock\" > /dev/null\nif [ $? != 0 ] ; then\n    # print error to STDERR\n    echo \"error: The sandbox is not in sync with the Podfile.lock. Run 'pod install' or update your CocoaPods installation.\" >&2\n    exit 1\nfi\n# This output is used by Xcode 'outputs' to avoid re-running this script phase.\necho \"SUCCESS\" > \"${SCRIPT_OUTPUT_FILE_0}\"\n";
			showEnvVarsInLog = 0;
		};
		E65968DD9187D4AE3B8FF44C /* [CP] Embed Pods Frameworks */ = {
			isa = PBXShellScriptBuildPhase;
			buildActionMask = 2147483647;
			files = (
			);
			inputFileListPaths = (
				"${PODS_ROOT}/Target Support Files/Pods-BookList/Pods-BookList-frameworks-${CONFIGURATION}-input-files.xcfilelist",
			);
			name = "[CP] Embed Pods Frameworks";
			outputFileListPaths = (
				"${PODS_ROOT}/Target Support Files/Pods-BookList/Pods-BookList-frameworks-${CONFIGURATION}-output-files.xcfilelist",
			);
			runOnlyForDeploymentPostprocessing = 0;
			shellPath = /bin/sh;
			shellScript = "\"${PODS_ROOT}/Target Support Files/Pods-BookList/Pods-BookList-frameworks.sh\"\n";
			showEnvVarsInLog = 0;
		};
/* End PBXShellScriptBuildPhase section */

/* Begin PBXSourcesBuildPhase section */
		845D325828D0921E00D5AF1A /* Sources */ = {
			isa = PBXSourcesBuildPhase;
			buildActionMask = 2147483647;
			files = (
				845D328228D0E15800D5AF1A /* BookModel.swift in Sources */,
				845D326428D0921E00D5AF1A /* StartViewController.swift in Sources */,
				845D327D28D0E11E00D5AF1A /* BookCollectionViewCell.swift in Sources */,
				845D327728D0DF2D00D5AF1A /* BookListCollectionViewController.swift in Sources */,
				845D327F28D0E13900D5AF1A /* NetworkingManager.swift in Sources */,
				845D326028D0921E00D5AF1A /* AppDelegate.swift in Sources */,
			);
			runOnlyForDeploymentPostprocessing = 0;
		};
/* End PBXSourcesBuildPhase section */

/* Begin XCBuildConfiguration section */
		845D326E28D0922300D5AF1A /* Debug */ = {
			isa = XCBuildConfiguration;
			buildSettings = {
				ALWAYS_SEARCH_USER_PATHS = NO;
				CLANG_ANALYZER_NONNULL = YES;
				CLANG_ANALYZER_NUMBER_OBJECT_CONVERSION = YES_AGGRESSIVE;
				CLANG_CXX_LANGUAGE_STANDARD = "gnu++17";
				CLANG_ENABLE_MODULES = YES;
				CLANG_ENABLE_OBJC_ARC = YES;
				CLANG_ENABLE_OBJC_WEAK = YES;
				CLANG_WARN_BLOCK_CAPTURE_AUTORELEASING = YES;
				CLANG_WARN_BOOL_CONVERSION = YES;
				CLANG_WARN_COMMA = YES;
				CLANG_WARN_CONSTANT_CONVERSION = YES;
				CLANG_WARN_DEPRECATED_OBJC_IMPLEMENTATIONS = YES;
				CLANG_WARN_DIRECT_OBJC_ISA_USAGE = YES_ERROR;
				CLANG_WARN_DOCUMENTATION_COMMENTS = YES;
				CLANG_WARN_EMPTY_BODY = YES;
				CLANG_WARN_ENUM_CONVERSION = YES;
				CLANG_WARN_INFINITE_RECURSION = YES;
				CLANG_WARN_INT_CONVERSION = YES;
				CLANG_WARN_NON_LITERAL_NULL_CONVERSION = YES;
				CLANG_WARN_OBJC_IMPLICIT_RETAIN_SELF = YES;
				CLANG_WARN_OBJC_LITERAL_CONVERSION = YES;
				CLANG_WARN_OBJC_ROOT_CLASS = YES_ERROR;
				CLANG_WARN_QUOTED_INCLUDE_IN_FRAMEWORK_HEADER = YES;
				CLANG_WARN_RANGE_LOOP_ANALYSIS = YES;
				CLANG_WARN_STRICT_PROTOTYPES = YES;
				CLANG_WARN_SUSPICIOUS_MOVE = YES;
				CLANG_WARN_UNGUARDED_AVAILABILITY = YES_AGGRESSIVE;
				CLANG_WARN_UNREACHABLE_CODE = YES;
				CLANG_WARN__DUPLICATE_METHOD_MATCH = YES;
				COPY_PHASE_STRIP = NO;
				DEBUG_INFORMATION_FORMAT = dwarf;
				ENABLE_STRICT_OBJC_MSGSEND = YES;
				ENABLE_TESTABILITY = YES;
				GCC_C_LANGUAGE_STANDARD = gnu11;
				GCC_DYNAMIC_NO_PIC = NO;
				GCC_NO_COMMON_BLOCKS = YES;
				GCC_OPTIMIZATION_LEVEL = 0;
				GCC_PREPROCESSOR_DEFINITIONS = (
					"DEBUG=1",
					"$(inherited)",
				);
				GCC_WARN_64_TO_32_BIT_CONVERSION = YES;
				GCC_WARN_ABOUT_RETURN_TYPE = YES_ERROR;
				GCC_WARN_UNDECLARED_SELECTOR = YES;
				GCC_WARN_UNINITIALIZED_AUTOS = YES_AGGRESSIVE;
				GCC_WARN_UNUSED_FUNCTION = YES;
				GCC_WARN_UNUSED_VARIABLE = YES;
				IPHONEOS_DEPLOYMENT_TARGET = 15.5;
				MTL_ENABLE_DEBUG_INFO = INCLUDE_SOURCE;
				MTL_FAST_MATH = YES;
				ONLY_ACTIVE_ARCH = YES;
				SDKROOT = iphoneos;
				SWIFT_ACTIVE_COMPILATION_CONDITIONS = DEBUG;
				SWIFT_OPTIMIZATION_LEVEL = "-Onone";
			};
			name = Debug;
		};
		845D326F28D0922300D5AF1A /* Release */ = {
			isa = XCBuildConfiguration;
			buildSettings = {
				ALWAYS_SEARCH_USER_PATHS = NO;
				CLANG_ANALYZER_NONNULL = YES;
				CLANG_ANALYZER_NUMBER_OBJECT_CONVERSION = YES_AGGRESSIVE;
				CLANG_CXX_LANGUAGE_STANDARD = "gnu++17";
				CLANG_ENABLE_MODULES = YES;
				CLANG_ENABLE_OBJC_ARC = YES;
				CLANG_ENABLE_OBJC_WEAK = YES;
				CLANG_WARN_BLOCK_CAPTURE_AUTORELEASING = YES;
				CLANG_WARN_BOOL_CONVERSION = YES;
				CLANG_WARN_COMMA = YES;
				CLANG_WARN_CONSTANT_CONVERSION = YES;
				CLANG_WARN_DEPRECATED_OBJC_IMPLEMENTATIONS = YES;
				CLANG_WARN_DIRECT_OBJC_ISA_USAGE = YES_ERROR;
				CLANG_WARN_DOCUMENTATION_COMMENTS = YES;
				CLANG_WARN_EMPTY_BODY = YES;
				CLANG_WARN_ENUM_CONVERSION = YES;
				CLANG_WARN_INFINITE_RECURSION = YES;
				CLANG_WARN_INT_CONVERSION = YES;
				CLANG_WARN_NON_LITERAL_NULL_CONVERSION = YES;
				CLANG_WARN_OBJC_IMPLICIT_RETAIN_SELF = YES;
				CLANG_WARN_OBJC_LITERAL_CONVERSION = YES;
				CLANG_WARN_OBJC_ROOT_CLASS = YES_ERROR;
				CLANG_WARN_QUOTED_INCLUDE_IN_FRAMEWORK_HEADER = YES;
				CLANG_WARN_RANGE_LOOP_ANALYSIS = YES;
				CLANG_WARN_STRICT_PROTOTYPES = YES;
				CLANG_WARN_SUSPICIOUS_MOVE = YES;
				CLANG_WARN_UNGUARDED_AVAILABILITY = YES_AGGRESSIVE;
				CLANG_WARN_UNREACHABLE_CODE = YES;
				CLANG_WARN__DUPLICATE_METHOD_MATCH = YES;
				COPY_PHASE_STRIP = NO;
				DEBUG_INFORMATION_FORMAT = "dwarf-with-dsym";
				ENABLE_NS_ASSERTIONS = NO;
				ENABLE_STRICT_OBJC_MSGSEND = YES;
				GCC_C_LANGUAGE_STANDARD = gnu11;
				GCC_NO_COMMON_BLOCKS = YES;
				GCC_WARN_64_TO_32_BIT_CONVERSION = YES;
				GCC_WARN_ABOUT_RETURN_TYPE = YES_ERROR;
				GCC_WARN_UNDECLARED_SELECTOR = YES;
				GCC_WARN_UNINITIALIZED_AUTOS = YES_AGGRESSIVE;
				GCC_WARN_UNUSED_FUNCTION = YES;
				GCC_WARN_UNUSED_VARIABLE = YES;
				IPHONEOS_DEPLOYMENT_TARGET = 15.5;
				MTL_ENABLE_DEBUG_INFO = NO;
				MTL_FAST_MATH = YES;
				SDKROOT = iphoneos;
				SWIFT_COMPILATION_MODE = wholemodule;
				SWIFT_OPTIMIZATION_LEVEL = "-O";
				VALIDATE_PRODUCT = YES;
			};
			name = Release;
		};
		845D327128D0922300D5AF1A /* Debug */ = {
			isa = XCBuildConfiguration;
			baseConfigurationReference = 424028D7948955BF22742755 /* Pods-BookList.debug.xcconfig */;
			buildSettings = {
				ASSETCATALOG_COMPILER_APPICON_NAME = AppIcon;
				ASSETCATALOG_COMPILER_GLOBAL_ACCENT_COLOR_NAME = AccentColor;
				ASSETCATALOG_COMPILER_INCLUDE_ALL_APPICON_ASSETS = NO;
				CODE_SIGN_STYLE = Automatic;
				CURRENT_PROJECT_VERSION = 1;
				DEVELOPMENT_TEAM = DJT25Q6QHN;
				GENERATE_INFOPLIST_FILE = YES;
				INFOPLIST_FILE = BookList/SupportFiles/Info.plist;
				INFOPLIST_KEY_UIApplicationSupportsIndirectInputEvents = YES;
				INFOPLIST_KEY_UISupportedInterfaceOrientations_iPad = "UIInterfaceOrientationPortrait UIInterfaceOrientationPortraitUpsideDown UIInterfaceOrientationLandscapeLeft UIInterfaceOrientationLandscapeRight";
				INFOPLIST_KEY_UISupportedInterfaceOrientations_iPhone = "UIInterfaceOrientationPortrait UIInterfaceOrientationLandscapeLeft UIInterfaceOrientationLandscapeRight";
				LD_RUNPATH_SEARCH_PATHS = (
					"$(inherited)",
					"@executable_path/Frameworks",
				);
				MARKETING_VERSION = 1.0;
				PRODUCT_BUNDLE_IDENTIFIER = ru.swiftme.BookList;
				PRODUCT_NAME = "$(TARGET_NAME)";
				SWIFT_EMIT_LOC_STRINGS = YES;
				SWIFT_VERSION = 5.0;
				TARGETED_DEVICE_FAMILY = "1,2";
			};
			name = Debug;
		};
		845D327228D0922300D5AF1A /* Release */ = {
			isa = XCBuildConfiguration;
			baseConfigurationReference = C4181C8EB8A27B7CDAD79743 /* Pods-BookList.release.xcconfig */;
			buildSettings = {
				ASSETCATALOG_COMPILER_APPICON_NAME = AppIcon;
				ASSETCATALOG_COMPILER_GLOBAL_ACCENT_COLOR_NAME = AccentColor;
				ASSETCATALOG_COMPILER_INCLUDE_ALL_APPICON_ASSETS = NO;
				CODE_SIGN_STYLE = Automatic;
				CURRENT_PROJECT_VERSION = 1;
				DEVELOPMENT_TEAM = DJT25Q6QHN;
				GENERATE_INFOPLIST_FILE = YES;
				INFOPLIST_FILE = BookList/SupportFiles/Info.plist;
				INFOPLIST_KEY_UIApplicationSupportsIndirectInputEvents = YES;
				INFOPLIST_KEY_UISupportedInterfaceOrientations_iPad = "UIInterfaceOrientationPortrait UIInterfaceOrientationPortraitUpsideDown UIInterfaceOrientationLandscapeLeft UIInterfaceOrientationLandscapeRight";
				INFOPLIST_KEY_UISupportedInterfaceOrientations_iPhone = "UIInterfaceOrientationPortrait UIInterfaceOrientationLandscapeLeft UIInterfaceOrientationLandscapeRight";
				LD_RUNPATH_SEARCH_PATHS = (
					"$(inherited)",
					"@executable_path/Frameworks",
				);
				MARKETING_VERSION = 1.0;
				PRODUCT_BUNDLE_IDENTIFIER = ru.swiftme.BookList;
				PRODUCT_NAME = "$(TARGET_NAME)";
				SWIFT_EMIT_LOC_STRINGS = YES;
				SWIFT_VERSION = 5.0;
				TARGETED_DEVICE_FAMILY = "1,2";
			};
			name = Release;
		};
/* End XCBuildConfiguration section */

/* Begin XCConfigurationList section */
		845D325728D0921E00D5AF1A /* Build configuration list for PBXProject "BookList" */ = {
			isa = XCConfigurationList;
			buildConfigurations = (
				845D326E28D0922300D5AF1A /* Debug */,
				845D326F28D0922300D5AF1A /* Release */,
			);
			defaultConfigurationIsVisible = 0;
			defaultConfigurationName = Release;
		};
		845D327028D0922300D5AF1A /* Build configuration list for PBXNativeTarget "BookList" */ = {
			isa = XCConfigurationList;
			buildConfigurations = (
				845D327128D0922300D5AF1A /* Debug */,
				845D327228D0922300D5AF1A /* Release */,
			);
			defaultConfigurationIsVisible = 0;
			defaultConfigurationName = Release;
		};
/* End XCConfigurationList section */
	};
	rootObject = 845D325428D0921E00D5AF1A /* Project object */;
}
